schema: '2.0'
stages:
  train:
    cmd: python src/train.py
    deps:
    - path: config.yaml
      hash: md5
      md5: 1f5aa4bc4da755d5e1038a3e4f80060f
      size: 748
    - path: data/healthcare-dataset-stroke-data.csv
      hash: md5
      md5: 3f25a4c2f2963d969e1a156c08968577
      size: 316971
    - path: src/processing_data.py
      hash: md5
      md5: 0f31e0ed6117d93789ad1f8ca5c83a9b
      size: 4142
    - path: src/train.py
      hash: md5
      md5: fd531897622da5513842909ef07a3788
      size: 2121
    outs:
    - path: models/xgb_model.pkl
      hash: md5
      md5: d53c09a93370e5180260dcc57d899ab1
      size: 718709
